
Microsoft Visual Studio Solution File, Format Version 12.00
# Visual Studio Version 16
VisualStudioVersion = 16.0.31205.134
MinimumVisualStudioVersion = 10.0.40219.1
Project("{FAE04EC0-301F-11D3-BF4B-00C04F79EFBC}") = "DataManagerDummy", "DataManagerDummy\DataManagerDummy.csproj", "{D2DE2BA6-3C21-4281-931F-9264D23A2068}"
EndProject
Project("{FAE04EC0-301F-11D3-BF4B-00C04F79EFBC}") = "CommonInterfaces", "..\..\..\programm\CommonInterfaces\CommonInterfaces\CommonInterfaces.csproj", "{63A95483-BD9C-4E42-8550-E27955FCB0B7}"
EndProject
Project("{FAE04EC0-301F-11D3-BF4B-00C04F79EFBC}") = "DataManager", "..\..\..\programm\DataManager\DataManager\DataManager.csproj", "{44F163D0-CB2A-4F64-896A-C3484BA0A043}"
EndProject
Global
	GlobalSection(SolutionConfigurationPlatforms) = preSolution
		Debug|Any CPU = Debug|Any CPU
		Release|Any CPU = Release|Any CPU
	EndGlobalSection
	GlobalSection(ProjectConfigurationPlatforms) = postSolution
		{D2DE2BA6-3C21-4281-931F-9264D23A2068}.Debug|Any CPU.ActiveCfg = Debug|Any CPU
		{D2DE2BA6-3C21-4281-931F-9264D23A2068}.Debug|Any CPU.Build.0 = Debug|Any CPU
		{D2DE2BA6-3C21-4281-931F-9264D23A2068}.Release|Any CPU.ActiveCfg = Release|Any CPU
		{D2DE2BA6-3C21-4281-931F-9264D23A2068}.Release|Any CPU.Build.0 = Release|Any CPU
		{63A95483-BD9C-4E42-8550-E27955FCB0B7}.Debug|Any CPU.ActiveCfg = Debug|Any CPU
		{63A95483-BD9C-4E42-8550-E27955FCB0B7}.Debug|Any CPU.Build.0 = Debug|Any CPU
		{63A95483-BD9C-4E42-8550-E27955FCB0B7}.Release|Any CPU.ActiveCfg = Release|Any CPU
		{63A95483-BD9C-4E42-8550-E27955FCB0B7}.Release|Any CPU.Build.0 = Release|Any CPU
		{44F163D0-CB2A-4F64-896A-C3484BA0A043}.Debug|Any CPU.ActiveCfg = Debug|Any CPU
		{44F163D0-CB2A-4F64-896A-C3484BA0A043}.Debug|Any CPU.Build.0 = Debug|Any CPU
		{44F163D0-CB2A-4F64-896A-C3484BA0A043}.Release|Any CPU.ActiveCfg = Release|Any CPU
		{44F163D0-CB2A-4F64-896A-C3484BA0A043}.Release|Any CPU.Build.0 = Release|Any CPU
	EndGlobalSection
	GlobalSection(SolutionProperties) = preSolution
		HideSolutionNode = FALSE
	EndGlobalSection
	GlobalSection(ExtensibilityGlobals) = postSolution
		SolutionGuid = {E48132BC-4A31-436D-AADD-BE261618ABB1}
	EndGlobalSection
EndGlobal
