
Microsoft Visual Studio Solution File, Format Version 12.00
# Visual Studio Version 16
VisualStudioVersion = 16.0.31129.286
MinimumVisualStudioVersion = 10.0.40219.1
Project("{FAE04EC0-301F-11D3-BF4B-00C04F79EFBC}") = "DummyForOCR", "DummyForOCR\DummyForOCR.csproj", "{C2C410B8-FB54-4B63-BC48-7C4C5E0983FD}"
EndProject
Project("{FAE04EC0-301F-11D3-BF4B-00C04F79EFBC}") = "CommonInterfaces", "..\CommonInterfaces\CommonInterfaces\CommonInterfaces.csproj", "{63A95483-BD9C-4E42-8550-E27955FCB0B7}"
EndProject
Global
	GlobalSection(SolutionConfigurationPlatforms) = preSolution
		Debug|Any CPU = Debug|Any CPU
		Release|Any CPU = Release|Any CPU
	EndGlobalSection
	GlobalSection(ProjectConfigurationPlatforms) = postSolution
		{C2C410B8-FB54-4B63-BC48-7C4C5E0983FD}.Debug|Any CPU.ActiveCfg = Debug|Any CPU
		{C2C410B8-FB54-4B63-BC48-7C4C5E0983FD}.Debug|Any CPU.Build.0 = Debug|Any CPU
		{C2C410B8-FB54-4B63-BC48-7C4C5E0983FD}.Release|Any CPU.ActiveCfg = Release|Any CPU
		{C2C410B8-FB54-4B63-BC48-7C4C5E0983FD}.Release|Any CPU.Build.0 = Release|Any CPU
		{63A95483-BD9C-4E42-8550-E27955FCB0B7}.Debug|Any CPU.ActiveCfg = Debug|Any CPU
		{63A95483-BD9C-4E42-8550-E27955FCB0B7}.Debug|Any CPU.Build.0 = Debug|Any CPU
		{63A95483-BD9C-4E42-8550-E27955FCB0B7}.Release|Any CPU.ActiveCfg = Release|Any CPU
		{63A95483-BD9C-4E42-8550-E27955FCB0B7}.Release|Any CPU.Build.0 = Release|Any CPU
	EndGlobalSection
	GlobalSection(SolutionProperties) = preSolution
		HideSolutionNode = FALSE
	EndGlobalSection
	GlobalSection(ExtensibilityGlobals) = postSolution
		SolutionGuid = {7BA0F918-65A1-4774-BD8A-9D991BC168F1}
	EndGlobalSection
EndGlobal
